
Microsoft Visual Studio Solution File, Format Version 12.00
# Visual Studio Version 17
VisualStudioVersion = 17.4.33110.190
MinimumVisualStudioVersion = 10.0.40219.1
Project("{FAE04EC0-301F-11D3-BF4B-00C04F79EFBC}") = "Pyatnashka", "Pyatnashka\Pyatnashka.csproj", "{D0890F43-FDF8-4F7D-B72C-1AA3EC6DCBE7}"
EndProject
Global
	GlobalSection(SolutionConfigurationPlatforms) = preSolution
		Debug|Any CPU = Debug|Any CPU
		Release|Any CPU = Release|Any CPU
	EndGlobalSection
	GlobalSection(ProjectConfigurationPlatforms) = postSolution
		{D0890F43-FDF8-4F7D-B72C-1AA3EC6DCBE7}.Debug|Any CPU.ActiveCfg = Debug|Any CPU
		{D0890F43-FDF8-4F7D-B72C-1AA3EC6DCBE7}.Debug|Any CPU.Build.0 = Debug|Any CPU
		{D0890F43-FDF8-4F7D-B72C-1AA3EC6DCBE7}.Release|Any CPU.ActiveCfg = Release|Any CPU
		{D0890F43-FDF8-4F7D-B72C-1AA3EC6DCBE7}.Release|Any CPU.Build.0 = Release|Any CPU
	EndGlobalSection
	GlobalSection(SolutionProperties) = preSolution
		HideSolutionNode = FALSE
	EndGlobalSection
	GlobalSection(ExtensibilityGlobals) = postSolution
		SolutionGuid = {C9B98228-EA1C-43CD-975F-0DFA00E9250D}
	EndGlobalSection
EndGlobal
